
Microsoft Visual Studio Solution File, Format Version 12.00
# Visual Studio Version 16
VisualStudioVersion = 16.0.29613.14
MinimumVisualStudioVersion = 10.0.40219.1
Project("{8BC9CEB8-8B4A-11D0-8D11-00A0C91BC942}") = "Hello World C++", "Hello World C++\Hello World C++.vcxproj", "{2968BF00-56E0-460C-AF76-4A5CE5C8E822}"
EndProject
Global
	GlobalSection(SolutionConfigurationPlatforms) = preSolution
		Debug|x64 = Debug|x64
		Debug|x86 = Debug|x86
		Release|x64 = Release|x64
		Release|x86 = Release|x86
	EndGlobalSection
	GlobalSection(ProjectConfigurationPlatforms) = postSolution
		{2968BF00-56E0-460C-AF76-4A5CE5C8E822}.Debug|x64.ActiveCfg = Debug|x64
		{2968BF00-56E0-460C-AF76-4A5CE5C8E822}.Debug|x64.Build.0 = Debug|x64
		{2968BF00-56E0-460C-AF76-4A5CE5C8E822}.Debug|x86.ActiveCfg = Debug|Win32
		{2968BF00-56E0-460C-AF76-4A5CE5C8E822}.Debug|x86.Build.0 = Debug|Win32
		{2968BF00-56E0-460C-AF76-4A5CE5C8E822}.Release|x64.ActiveCfg = Release|x64
		{2968BF00-56E0-460C-AF76-4A5CE5C8E822}.Release|x64.Build.0 = Release|x64
		{2968BF00-56E0-460C-AF76-4A5CE5C8E822}.Release|x86.ActiveCfg = Release|Win32
		{2968BF00-56E0-460C-AF76-4A5CE5C8E822}.Release|x86.Build.0 = Release|Win32
	EndGlobalSection
	GlobalSection(SolutionProperties) = preSolution
		HideSolutionNode = FALSE
	EndGlobalSection
	GlobalSection(ExtensibilityGlobals) = postSolution
		SolutionGuid = {C87C2A93-BE2C-4B05-AA94-D63DCEFE686F}
	EndGlobalSection
EndGlobal
